{
  "name": "admin",
  "lockfileVersion": 3,
  "requires": true,
  "packages": {
    "": {
      "dependencies": {
        "@simplewebauthn/browser": "^13.3.0"
      }
    },
    "node_modules/@simplewebauthn/browser": {
      "version": "13.3.0",
      "resolved": "https://registry.npmjs.org/@simplewebauthn/browser/-/browser-13.3.0.tgz",
      "integrity": "sha512-BE/UWv6FOToAdVk0EokzkqQQDOWtNydYlY6+OrmiZ5SCNmb41VehttboTetUM3T/fr6EAFYVXjz4My2wg230rQ==",
      "license": "MIT"
    }
  }
}
